
Microsoft Visual Studio Solution File, Format Version 12.00
# Visual Studio 15
VisualStudioVersion = 15.0.28307.902
MinimumVisualStudioVersion = 10.0.40219.1
Project("{FAE04EC0-301F-11D3-BF4B-00C04F79EFBC}") = "MemoDialog", "MemoDialog.csproj", "{53A9E270-C569-4623-AEF2-040CCE778ADE}"
EndProject
Global
	GlobalSection(SolutionConfigurationPlatforms) = preSolution
		Debug|Any CPU = Debug|Any CPU
		Release|Any CPU = Release|Any CPU
	EndGlobalSection
	GlobalSection(ProjectConfigurationPlatforms) = postSolution
		{53A9E270-C569-4623-AEF2-040CCE778ADE}.Debug|Any CPU.ActiveCfg = Debug|Any CPU
		{53A9E270-C569-4623-AEF2-040CCE778ADE}.Debug|Any CPU.Build.0 = Debug|Any CPU
		{53A9E270-C569-4623-AEF2-040CCE778ADE}.Release|Any CPU.ActiveCfg = Release|Any CPU
		{53A9E270-C569-4623-AEF2-040CCE778ADE}.Release|Any CPU.Build.0 = Release|Any CPU
	EndGlobalSection
	GlobalSection(SolutionProperties) = preSolution
		HideSolutionNode = FALSE
	EndGlobalSection
	GlobalSection(ExtensibilityGlobals) = postSolution
		SolutionGuid = {ADEED0DC-70A7-472A-B33B-70C8855B5FCD}
	EndGlobalSection
EndGlobal
